
Microsoft Visual Studio Solution File, Format Version 12.00
# Visual Studio Version 17
VisualStudioVersion = 17.2.32526.322
MinimumVisualStudioVersion = 10.0.40219.1
Project("{FAE04EC0-301F-11D3-BF4B-00C04F79EFBC}") = "HomeWork0410", "HomeWork0410\HomeWork0410.csproj", "{ABC5B8A5-609A-4CF9-BF8E-5CF15A545368}"
EndProject
Global
	GlobalSection(SolutionConfigurationPlatforms) = preSolution
		Debug|Any CPU = Debug|Any CPU
		Release|Any CPU = Release|Any CPU
	EndGlobalSection
	GlobalSection(ProjectConfigurationPlatforms) = postSolution
		{ABC5B8A5-609A-4CF9-BF8E-5CF15A545368}.Debug|Any CPU.ActiveCfg = Debug|Any CPU
		{ABC5B8A5-609A-4CF9-BF8E-5CF15A545368}.Debug|Any CPU.Build.0 = Debug|Any CPU
		{ABC5B8A5-609A-4CF9-BF8E-5CF15A545368}.Release|Any CPU.ActiveCfg = Release|Any CPU
		{ABC5B8A5-609A-4CF9-BF8E-5CF15A545368}.Release|Any CPU.Build.0 = Release|Any CPU
	EndGlobalSection
	GlobalSection(SolutionProperties) = preSolution
		HideSolutionNode = FALSE
	EndGlobalSection
	GlobalSection(ExtensibilityGlobals) = postSolution
		SolutionGuid = {5AB50A96-9AFC-442B-A532-C34FA458DD59}
	EndGlobalSection
EndGlobal
